<?xml version="1.0" encoding="utf-8"?>
<Project ToolsVersion="4.0" xmlns="http://schemas.microsoft.com/developer/msbuild/2003">
  <ItemGroup>
    <Filter Include="源文件">
      <UniqueIdentifier>{4FC737F1-C7A5-4376-A066-2A32D752A2FF}</UniqueIdentifier>
      <Extensions>cpp;c;cc;cxx;def;odl;idl;hpj;bat;asm;asmx</Extensions>
    </Filter>
    <Filter Include="头文件">
      <UniqueIdentifier>{93995380-89BD-4b04-88EB-625FBE52EBFB}</UniqueIdentifier>
      <Extensions>h;hh;hpp;hxx;hm;inl;inc;xsd</Extensions>
    </Filter>
    <Filter Include="资源文件">
      <UniqueIdentifier>{67DA6AB6-F800-4c08-8B7A-83BB121AAD01}</UniqueIdentifier>
      <Extensions>rc;ico;cur;bmp;dlg;rc2;rct;bin;rgs;gif;jpg;jpeg;jpe;resx;tiff;tif;png;wav;mfcribbon-ms</Extensions>
    </Filter>
  </ItemGroup>
  <ItemGroup>
    <ClCompile Include="main.cpp">
      <Filter>源文件</Filter>
    </ClCompile>
  </ItemGroup>
  <ItemGroup>
    <ClInclude Include="definitions.h">
      <Filter>头文件</Filter>
    </ClInclude>
    <ClInclude Include="enemy.h">
      <Filter>头文件</Filter>
    </ClInclude>
    <ClInclude Include="object.h">
      <Filter>头文件</Filter>
    </ClInclude>
    <ClInclude Include="bitmap.h">
      <Filter>头文件</Filter>
    </ClInclude>
    <ClInclude Include="resource.h">
      <Filter>头文件</Filter>
    </ClInclude>
    <ClInclude Include="player.h">
      <Filter>头文件</Filter>
    </ClInclude>
    <ClInclude Include="manager.h">
      <Filter>头文件</Filter>
    </ClInclude>
    <ClInclude Include="input.h">
      <Filter>头文件</Filter>
    </ClInclude>
    <ClInclude Include="general.h">
      <Filter>头文件</Filter>
    </ClInclude>
    <ClInclude Include="map.h">
      <Filter>头文件</Filter>
    </ClInclude>
    <ClInclude Include="door.h">
      <Filter>头文件</Filter>
    </ClInclude>
    <ClInclude Include="road.h">
      <Filter>头文件</Filter>
    </ClInclude>
    <ClInclude Include="upstairs.h">
      <Filter>头文件</Filter>
    </ClInclude>
    <ClInclude Include="key.h">
      <Filter>头文件</Filter>
    </ClInclude>
    <ClInclude Include="downstairs.h">
      <Filter>头文件</Filter>
    </ClInclude>
    <ClInclude Include="window.h">
      <Filter>头文件</Filter>
    </ClInclude>
    <ClInclude Include="bluegem.h">
      <Filter>头文件</Filter>
    </ClInclude>
    <ClInclude Include="redgem.h">
      <Filter>头文件</Filter>
    </ClInclude>
    <ClInclude Include="shop.h">
      <Filter>头文件</Filter>
    </ClInclude>
  </ItemGroup>
  <ItemGroup>
    <ResourceCompile Include="Resource.rc">
      <Filter>资源文件</Filter>
    </ResourceCompile>
  </ItemGroup>
  <ItemGroup>
    <Image Include="resource\background.bmp">
      <Filter>资源文件</Filter>
    </Image>
    <Image Include="resource\bigmed.bmp">
      <Filter>资源文件</Filter>
    </Image>
    <Image Include="resource\blackslime.bmp">
      <Filter>资源文件</Filter>
    </Image>
    <Image Include="resource\bluebat.bmp">
      <Filter>资源文件</Filter>
    </Image>
    <Image Include="resource\bluegem.bmp">
      <Filter>资源文件</Filter>
    </Image>
    <Image Include="resource\door.bmp">
      <Filter>资源文件</Filter>
    </Image>
    <Image Include="resource\downstairs.bmp">
      <Filter>资源文件</Filter>
    </Image>
    <Image Include="resource\greenslime.bmp">
      <Filter>资源文件</Filter>
    </Image>
    <Image Include="resource\key.bmp">
      <Filter>资源文件</Filter>
    </Image>
    <Image Include="resource\player.bmp">
      <Filter>资源文件</Filter>
    </Image>
    <Image Include="resource\redbat.bmp">
      <Filter>资源文件</Filter>
    </Image>
    <Image Include="resource\redgem.bmp">
      <Filter>资源文件</Filter>
    </Image>
    <Image Include="resource\redslime.bmp">
      <Filter>资源文件</Filter>
    </Image>
    <Image Include="resource\shop.bmp">
      <Filter>资源文件</Filter>
    </Image>
    <Image Include="resource\skeleton.bmp">
      <Filter>资源文件</Filter>
    </Image>
    <Image Include="resource\skeletoncaptain.bmp">
      <Filter>资源文件</Filter>
    </Image>
    <Image Include="resource\skeletonsoldier.bmp">
      <Filter>资源文件</Filter>
    </Image>
    <Image Include="resource\smallbat.bmp">
      <Filter>资源文件</Filter>
    </Image>
    <Image Include="resource\smallmed.bmp">
      <Filter>资源文件</Filter>
    </Image>
    <Image Include="resource\upstairs.bmp">
      <Filter>资源文件</Filter>
    </Image>
    <Image Include="resource\wall.bmp">
      <Filter>资源文件</Filter>
    </Image>
  </ItemGroup>
</Project>